
Microsoft Visual Studio Solution File, Format Version 12.00
# Visual Studio 15
VisualStudioVersion = 15.0.28307.1082
MinimumVisualStudioVersion = 10.0.40219.1
Project("{8BC9CEB8-8B4A-11D0-8D11-00A0C91BC942}") = "arithmetic_exp", "arithmetic_exp\arithmetic_exp.vcxproj", "{D11B0106-B56F-441B-8A9B-2DFD8215B16F}"
EndProject
Global
	GlobalSection(SolutionConfigurationPlatforms) = preSolution
		Debug|x64 = Debug|x64
		Debug|x86 = Debug|x86
		Release|x64 = Release|x64
		Release|x86 = Release|x86
	EndGlobalSection
	GlobalSection(ProjectConfigurationPlatforms) = postSolution
		{D11B0106-B56F-441B-8A9B-2DFD8215B16F}.Debug|x64.ActiveCfg = Debug|x64
		{D11B0106-B56F-441B-8A9B-2DFD8215B16F}.Debug|x64.Build.0 = Debug|x64
		{D11B0106-B56F-441B-8A9B-2DFD8215B16F}.Debug|x86.ActiveCfg = Debug|Win32
		{D11B0106-B56F-441B-8A9B-2DFD8215B16F}.Debug|x86.Build.0 = Debug|Win32
		{D11B0106-B56F-441B-8A9B-2DFD8215B16F}.Release|x64.ActiveCfg = Release|x64
		{D11B0106-B56F-441B-8A9B-2DFD8215B16F}.Release|x64.Build.0 = Release|x64
		{D11B0106-B56F-441B-8A9B-2DFD8215B16F}.Release|x86.ActiveCfg = Release|Win32
		{D11B0106-B56F-441B-8A9B-2DFD8215B16F}.Release|x86.Build.0 = Release|Win32
	EndGlobalSection
	GlobalSection(SolutionProperties) = preSolution
		HideSolutionNode = FALSE
	EndGlobalSection
	GlobalSection(ExtensibilityGlobals) = postSolution
		SolutionGuid = {025D10AA-F100-4ECD-8CA5-7BDBC6C149A6}
	EndGlobalSection
EndGlobal
