
Microsoft Visual Studio Solution File, Format Version 12.00
# Visual Studio 15
VisualStudioVersion = 15.0.28307.1022
MinimumVisualStudioVersion = 10.0.40219.1
Project("{8BC9CEB8-8B4A-11D0-8D11-00A0C91BC942}") = "functions_in_header_2", "functions_in_header_2\functions_in_header_2.vcxproj", "{02D764D1-3CDF-4B62-A677-31016F65F30F}"
EndProject
Global
	GlobalSection(SolutionConfigurationPlatforms) = preSolution
		Debug|x64 = Debug|x64
		Debug|x86 = Debug|x86
		Release|x64 = Release|x64
		Release|x86 = Release|x86
	EndGlobalSection
	GlobalSection(ProjectConfigurationPlatforms) = postSolution
		{02D764D1-3CDF-4B62-A677-31016F65F30F}.Debug|x64.ActiveCfg = Debug|x64
		{02D764D1-3CDF-4B62-A677-31016F65F30F}.Debug|x64.Build.0 = Debug|x64
		{02D764D1-3CDF-4B62-A677-31016F65F30F}.Debug|x86.ActiveCfg = Debug|Win32
		{02D764D1-3CDF-4B62-A677-31016F65F30F}.Debug|x86.Build.0 = Debug|Win32
		{02D764D1-3CDF-4B62-A677-31016F65F30F}.Release|x64.ActiveCfg = Release|x64
		{02D764D1-3CDF-4B62-A677-31016F65F30F}.Release|x64.Build.0 = Release|x64
		{02D764D1-3CDF-4B62-A677-31016F65F30F}.Release|x86.ActiveCfg = Release|Win32
		{02D764D1-3CDF-4B62-A677-31016F65F30F}.Release|x86.Build.0 = Release|Win32
	EndGlobalSection
	GlobalSection(SolutionProperties) = preSolution
		HideSolutionNode = FALSE
	EndGlobalSection
	GlobalSection(ExtensibilityGlobals) = postSolution
		SolutionGuid = {1F0E5B15-5F44-44C5-AB5C-75639F218F3C}
	EndGlobalSection
EndGlobal
