
Microsoft Visual Studio Solution File, Format Version 12.00
# Visual Studio 15
VisualStudioVersion = 15.0.28307.1022
MinimumVisualStudioVersion = 10.0.40219.1
Project("{8BC9CEB8-8B4A-11D0-8D11-00A0C91BC942}") = "exercise_2", "exercise_2\exercise_2.vcxproj", "{5A05B89C-F9DF-4F3A-91CA-9DEFC2A298C8}"
EndProject
Global
	GlobalSection(SolutionConfigurationPlatforms) = preSolution
		Debug|x64 = Debug|x64
		Debug|x86 = Debug|x86
		Release|x64 = Release|x64
		Release|x86 = Release|x86
	EndGlobalSection
	GlobalSection(ProjectConfigurationPlatforms) = postSolution
		{5A05B89C-F9DF-4F3A-91CA-9DEFC2A298C8}.Debug|x64.ActiveCfg = Debug|x64
		{5A05B89C-F9DF-4F3A-91CA-9DEFC2A298C8}.Debug|x64.Build.0 = Debug|x64
		{5A05B89C-F9DF-4F3A-91CA-9DEFC2A298C8}.Debug|x86.ActiveCfg = Debug|Win32
		{5A05B89C-F9DF-4F3A-91CA-9DEFC2A298C8}.Debug|x86.Build.0 = Debug|Win32
		{5A05B89C-F9DF-4F3A-91CA-9DEFC2A298C8}.Release|x64.ActiveCfg = Release|x64
		{5A05B89C-F9DF-4F3A-91CA-9DEFC2A298C8}.Release|x64.Build.0 = Release|x64
		{5A05B89C-F9DF-4F3A-91CA-9DEFC2A298C8}.Release|x86.ActiveCfg = Release|Win32
		{5A05B89C-F9DF-4F3A-91CA-9DEFC2A298C8}.Release|x86.Build.0 = Release|Win32
	EndGlobalSection
	GlobalSection(SolutionProperties) = preSolution
		HideSolutionNode = FALSE
	EndGlobalSection
	GlobalSection(ExtensibilityGlobals) = postSolution
		SolutionGuid = {669C6A50-514E-4195-8883-DAC2882D841E}
	EndGlobalSection
EndGlobal
